{
  "requires": true,
  "lockfileVersion": 1,
  "dependencies": {
    "async": {
      "version": "2.6.3",
      "resolved": "https://registry.npmjs.org/async/-/async-2.6.3.tgz",
      "integrity": "sha512-zflvls11DCy+dQWzTW2dzuilv8Z5X/pjfmZOWba6TNIVDm+2UDaJmXSOXlasHKfNBs8oo3M0aT50fDEWfKZjXg==",
      "requires": {
        "lodash": "^4.17.14"
      }
    },
    "bluebird": {
      "version": "3.5.1",
      "resolved": "https://registry.npmjs.org/bluebird/-/bluebird-3.5.1.tgz",
      "integrity": "sha512-MKiLiV+I1AA596t9w1sQJ8jkiSr5+ZKi0WKrYGUn6d1Fx+Ij4tIj+m2WMQSGczs5jZVxV339chE8iwk6F64wjA=="
    },
    "enforce": {
      "version": "0.1.7",
      "resolved": "https://registry.npmjs.org/enforce/-/enforce-0.1.7.tgz",
      "integrity": "sha1-r3zdP6mCsuyq4GrntcJZUX0ivj8="
    },
    "hat": {
      "version": "0.0.3",
      "resolved": "https://registry.npmjs.org/hat/-/hat-0.0.3.tgz",
      "integrity": "sha1-uwFKnmSzeIrtgAWRdBPU/z1QLYo="
    },
    "lodash": {
      "version": "4.17.21",
      "resolved": "https://registry.npmjs.org/lodash/-/lodash-4.17.21.tgz",
      "integrity": "sha512-v2kDEe57lecTulaDIuNTPy3Ry4gLGJ6Z1O3vE1krgXZNrsQ+LFTGHVxVjcXPs17LhbZVGedAJv8XZ1tvj5FvSg=="
    },
    "orm": {
      "version": "5.0.7",
      "resolved": "https://registry.npmjs.org/orm/-/orm-5.0.7.tgz",
      "integrity": "sha512-b2WlNv9n7hVtmuoPI0Xc4uquARZcHMpIGYQzLW1LySEdUdkGKPE8ODLATcymKjyZXfdBDaXkwB4qgTzoahyWng==",
      "requires": {
        "async": "~2.6.3",
        "bluebird": "3.5.1",
        "enforce": "0.1.7",
        "hat": "0.0.3",
        "lodash": "^4.17.21",
        "path-is-absolute": "1.0.1",
        "sql-ddl-sync": "0.3.16",
        "sql-query": "0.1.27"
      }
    },
    "path-is-absolute": {
      "version": "1.0.1",
      "resolved": "https://registry.npmjs.org/path-is-absolute/-/path-is-absolute-1.0.1.tgz",
      "integrity": "sha1-F0uSaHNVNP+8es5r9TpanhtcX18="
    },
    "sql-ddl-sync": {
      "version": "0.3.16",
      "resolved": "https://registry.npmjs.org/sql-ddl-sync/-/sql-ddl-sync-0.3.16.tgz",
      "integrity": "sha512-6uiVLN1UAkL2UFpFLjACLYZkzdkPjtRYAgN0jeJWGE/oNzMFabdYZF26IFcXBgobVZ0g8GLagQTI+b9GNKOV2w==",
      "requires": {
        "lodash": "~4.17.15"
      }
    },
    "sql-query": {
      "version": "0.1.27",
      "resolved": "https://registry.npmjs.org/sql-query/-/sql-query-0.1.27.tgz",
      "integrity": "sha512-XXK6W6n0D18YspS/7TziKln8ij9RUnpDzl+qr2hUOqEqrhuilGPhbKBYQ1dkfYoQ0ViNtr2y8RKut06nkAkx2w=="
    }
  }
}
